
Microsoft Visual Studio Solution File, Format Version 12.00
# Visual Studio Version 17
VisualStudioVersion = 17.8.34309.116
MinimumVisualStudioVersion = 10.0.40219.1
Project("{9A19103F-16F7-4668-BE54-9A1E7A4F7556}") = "Day1", "Day1\Day1.csproj", "{079D323C-C445-43E4-B9D0-572E92C511FE}"
EndProject
Project("{9A19103F-16F7-4668-BE54-9A1E7A4F7556}") = "Day2", "Day2\Day2.csproj", "{EA656F2D-4401-42E6-8128-0CCD1E0CCB2B}"
EndProject
Project("{9A19103F-16F7-4668-BE54-9A1E7A4F7556}") = "Day3", "Day3\Day3.csproj", "{1DA85EC6-71F6-4A32-B108-489AE892D528}"
EndProject
Project("{FAE04EC0-301F-11D3-BF4B-00C04F79EFBC}") = "Day4", "Day4\Day4.csproj", "{416D613E-04EB-4154-9A94-BBDA2B4FA7C4}"
EndProject
Global
	GlobalSection(SolutionConfigurationPlatforms) = preSolution
		Debug|Any CPU = Debug|Any CPU
		Release|Any CPU = Release|Any CPU
	EndGlobalSection
	GlobalSection(ProjectConfigurationPlatforms) = postSolution
		{079D323C-C445-43E4-B9D0-572E92C511FE}.Debug|Any CPU.ActiveCfg = Debug|Any CPU
		{079D323C-C445-43E4-B9D0-572E92C511FE}.Debug|Any CPU.Build.0 = Debug|Any CPU
		{079D323C-C445-43E4-B9D0-572E92C511FE}.Release|Any CPU.ActiveCfg = Release|Any CPU
		{079D323C-C445-43E4-B9D0-572E92C511FE}.Release|Any CPU.Build.0 = Release|Any CPU
		{EA656F2D-4401-42E6-8128-0CCD1E0CCB2B}.Debug|Any CPU.ActiveCfg = Debug|Any CPU
		{EA656F2D-4401-42E6-8128-0CCD1E0CCB2B}.Debug|Any CPU.Build.0 = Debug|Any CPU
		{EA656F2D-4401-42E6-8128-0CCD1E0CCB2B}.Release|Any CPU.ActiveCfg = Release|Any CPU
		{EA656F2D-4401-42E6-8128-0CCD1E0CCB2B}.Release|Any CPU.Build.0 = Release|Any CPU
		{1DA85EC6-71F6-4A32-B108-489AE892D528}.Debug|Any CPU.ActiveCfg = Debug|Any CPU
		{1DA85EC6-71F6-4A32-B108-489AE892D528}.Debug|Any CPU.Build.0 = Debug|Any CPU
		{1DA85EC6-71F6-4A32-B108-489AE892D528}.Release|Any CPU.ActiveCfg = Release|Any CPU
		{1DA85EC6-71F6-4A32-B108-489AE892D528}.Release|Any CPU.Build.0 = Release|Any CPU
		{416D613E-04EB-4154-9A94-BBDA2B4FA7C4}.Debug|Any CPU.ActiveCfg = Debug|Any CPU
		{416D613E-04EB-4154-9A94-BBDA2B4FA7C4}.Debug|Any CPU.Build.0 = Debug|Any CPU
		{416D613E-04EB-4154-9A94-BBDA2B4FA7C4}.Release|Any CPU.ActiveCfg = Release|Any CPU
		{416D613E-04EB-4154-9A94-BBDA2B4FA7C4}.Release|Any CPU.Build.0 = Release|Any CPU
	EndGlobalSection
	GlobalSection(SolutionProperties) = preSolution
		HideSolutionNode = FALSE
	EndGlobalSection
	GlobalSection(ExtensibilityGlobals) = postSolution
		SolutionGuid = {07403255-DD86-4657-B0F3-0ECF2671C8C6}
	EndGlobalSection
EndGlobal
